
Microsoft Visual Studio Solution File, Format Version 12.00
# Visual Studio Version 17
VisualStudioVersion = 17.9.34701.34
MinimumVisualStudioVersion = 10.0.40219.1
Project("{FAE04EC0-301F-11D3-BF4B-00C04F79EFBC}") = "Program", "Program.csproj", "{C3C3112F-402B-42BA-8E74-2D6103C73C36}"
EndProject
Global
	GlobalSection(SolutionConfigurationPlatforms) = preSolution
		Debug|Any CPU = Debug|Any CPU
		Release|Any CPU = Release|Any CPU
	EndGlobalSection
	GlobalSection(ProjectConfigurationPlatforms) = postSolution
		{C3C3112F-402B-42BA-8E74-2D6103C73C36}.Debug|Any CPU.ActiveCfg = Debug|Any CPU
		{C3C3112F-402B-42BA-8E74-2D6103C73C36}.Debug|Any CPU.Build.0 = Debug|Any CPU
		{C3C3112F-402B-42BA-8E74-2D6103C73C36}.Release|Any CPU.ActiveCfg = Release|Any CPU
		{C3C3112F-402B-42BA-8E74-2D6103C73C36}.Release|Any CPU.Build.0 = Release|Any CPU
	EndGlobalSection
	GlobalSection(SolutionProperties) = preSolution
		HideSolutionNode = FALSE
	EndGlobalSection
	GlobalSection(ExtensibilityGlobals) = postSolution
		SolutionGuid = {5C0125E7-C355-4232-A229-58C732FD8C8B}
	EndGlobalSection
EndGlobal
